// !$*UTF8*$!
{
	archiveVersion = 1;
	classes = {
	};
	objectVersion = 52;
	objects = {

/* Begin PBXBuildFile section */
		434B39D823212BDC0004CA99 /* AppDelegate.swift in Sources */ = {isa = PBXBuildFile; fileRef = 434B39D723212BDC0004CA99 /* AppDelegate.swift */; };
		434B39DA23212BDC0004CA99 /* ViewController.swift in Sources */ = {isa = PBXBuildFile; fileRef = 434B39D923212BDC0004CA99 /* ViewController.swift */; };
		434B39DD23212BDC0004CA99 /* Main.storyboard in Resources */ = {isa = PBXBuildFile; fileRef = 434B39DB23212BDC0004CA99 /* Main.storyboard */; };
		434B39DF23212BDD0004CA99 /* Assets.xcassets in Resources */ = {isa = PBXBuildFile; fileRef = 434B39DE23212BDD0004CA99 /* Assets.xcassets */; };
		434B39E223212BDD0004CA99 /* LaunchScreen.storyboard in Resources */ = {isa = PBXBuildFile; fileRef = 434B39E023212BDD0004CA99 /* LaunchScreen.storyboard */; };
		8394522E25346E1B007E8780 /* IncentCleaner.xcframework in Frameworks */ = {isa = PBXBuildFile; fileRef = 8394522D25346E1B007E8780 /* IncentCleaner.xcframework */; };
		8394522F25346E1B007E8780 /* IncentCleaner.xcframework in Embed Frameworks */ = {isa = PBXBuildFile; fileRef = 8394522D25346E1B007E8780 /* IncentCleaner.xcframework */; settings = {ATTRIBUTES = (CodeSignOnCopy, RemoveHeadersOnCopy, ); }; };
/* End PBXBuildFile section */

/* Begin PBXCopyFilesBuildPhase section */
		8394522125344841007E8780 /* Embed Frameworks */ = {
			isa = PBXCopyFilesBuildPhase;
			buildActionMask = 2147483647;
			dstPath = "";
			dstSubfolderSpec = 10;
			files = (
				8394522F25346E1B007E8780 /* IncentCleaner.xcframework in Embed Frameworks */,
			);
			name = "Embed Frameworks";
			runOnlyForDeploymentPostprocessing = 0;
		};
/* End PBXCopyFilesBuildPhase section */

/* Begin PBXFileReference section */
		434B39D423212BDC0004CA99 /* IncentCleanerExample.app */ = {isa = PBXFileReference; explicitFileType = wrapper.application; includeInIndex = 0; path = IncentCleanerExample.app; sourceTree = BUILT_PRODUCTS_DIR; };
		434B39D723212BDC0004CA99 /* AppDelegate.swift */ = {isa = PBXFileReference; lastKnownFileType = sourcecode.swift; path = AppDelegate.swift; sourceTree = "<group>"; };
		434B39D923212BDC0004CA99 /* ViewController.swift */ = {isa = PBXFileReference; lastKnownFileType = sourcecode.swift; path = ViewController.swift; sourceTree = "<group>"; };
		434B39DC23212BDC0004CA99 /* Base */ = {isa = PBXFileReference; lastKnownFileType = file.storyboard; name = Base; path = Base.lproj/Main.storyboard; sourceTree = "<group>"; };
		434B39DE23212BDD0004CA99 /* Assets.xcassets */ = {isa = PBXFileReference; lastKnownFileType = folder.assetcatalog; path = Assets.xcassets; sourceTree = "<group>"; };
		434B39E123212BDD0004CA99 /* Base */ = {isa = PBXFileReference; lastKnownFileType = file.storyboard; name = Base; path = Base.lproj/LaunchScreen.storyboard; sourceTree = "<group>"; };
		434B39E323212BDD0004CA99 /* Info.plist */ = {isa = PBXFileReference; lastKnownFileType = text.plist.xml; path = Info.plist; sourceTree = "<group>"; };
		8394522D25346E1B007E8780 /* IncentCleaner.xcframework */ = {isa = PBXFileReference; lastKnownFileType = wrapper.xcframework; path = IncentCleaner.xcframework; sourceTree = "<group>"; };
/* End PBXFileReference section */

/* Begin PBXFrameworksBuildPhase section */
		434B39D123212BDC0004CA99 /* Frameworks */ = {
			isa = PBXFrameworksBuildPhase;
			buildActionMask = 2147483647;
			files = (
				8394522E25346E1B007E8780 /* IncentCleaner.xcframework in Frameworks */,
			);
			runOnlyForDeploymentPostprocessing = 0;
		};
/* End PBXFrameworksBuildPhase section */

/* Begin PBXGroup section */
		434B39CB23212BDB0004CA99 = {
			isa = PBXGroup;
			children = (
				434B39D623212BDC0004CA99 /* IncentCleanerExample */,
				434B39D523212BDC0004CA99 /* Products */,
				8394521825343A29007E8780 /* Frameworks */,
			);
			sourceTree = "<group>";
		};
		434B39D523212BDC0004CA99 /* Products */ = {
			isa = PBXGroup;
			children = (
				434B39D423212BDC0004CA99 /* IncentCleanerExample.app */,
			);
			name = Products;
			sourceTree = "<group>";
		};
		434B39D623212BDC0004CA99 /* IncentCleanerExample */ = {
			isa = PBXGroup;
			children = (
				434B39D723212BDC0004CA99 /* AppDelegate.swift */,
				434B39D923212BDC0004CA99 /* ViewController.swift */,
				434B39DB23212BDC0004CA99 /* Main.storyboard */,
				434B39DE23212BDD0004CA99 /* Assets.xcassets */,
				434B39E023212BDD0004CA99 /* LaunchScreen.storyboard */,
				434B39E323212BDD0004CA99 /* Info.plist */,
			);
			path = IncentCleanerExample;
			sourceTree = "<group>";
		};
		8394521825343A29007E8780 /* Frameworks */ = {
			isa = PBXGroup;
			children = (
				8394522D25346E1B007E8780 /* IncentCleaner.xcframework */,
			);
			name = Frameworks;
			sourceTree = "<group>";
		};
/* End PBXGroup section */

/* Begin PBXNativeTarget section */
		434B39D323212BDC0004CA99 /* IncentCleanerExample */ = {
			isa = PBXNativeTarget;
			buildConfigurationList = 434B39E623212BDD0004CA99 /* Build configuration list for PBXNativeTarget "IncentCleanerExample" */;
			buildPhases = (
				434B39D023212BDC0004CA99 /* Sources */,
				434B39D123212BDC0004CA99 /* Frameworks */,
				434B39D223212BDC0004CA99 /* Resources */,
				8394522125344841007E8780 /* Embed Frameworks */,
			);
			buildRules = (
			);
			dependencies = (
			);
			name = IncentCleanerExample;
			productName = IncentCleanerExample;
			productReference = 434B39D423212BDC0004CA99 /* IncentCleanerExample.app */;
			productType = "com.apple.product-type.application";
		};
/* End PBXNativeTarget section */

/* Begin PBXProject section */
		434B39CC23212BDB0004CA99 /* Project object */ = {
			isa = PBXProject;
			attributes = {
				LastSwiftUpdateCheck = 1030;
				LastUpgradeCheck = 1030;
				ORGANIZATIONNAME = Appbooster;
				TargetAttributes = {
					434B39D323212BDC0004CA99 = {
						CreatedOnToolsVersion = 10.3;
					};
				};
			};
			buildConfigurationList = 434B39CF23212BDB0004CA99 /* Build configuration list for PBXProject "IncentCleanerExample" */;
			compatibilityVersion = "Xcode 9.3";
			developmentRegion = en;
			hasScannedForEncodings = 0;
			knownRegions = (
				en,
				Base,
			);
			mainGroup = 434B39CB23212BDB0004CA99;
			productRefGroup = 434B39D523212BDC0004CA99 /* Products */;
			projectDirPath = "";
			projectRoot = "";
			targets = (
				434B39D323212BDC0004CA99 /* IncentCleanerExample */,
			);
		};
/* End PBXProject section */

/* Begin PBXResourcesBuildPhase section */
		434B39D223212BDC0004CA99 /* Resources */ = {
			isa = PBXResourcesBuildPhase;
			buildActionMask = 2147483647;
			files = (
				434B39E223212BDD0004CA99 /* LaunchScreen.storyboard in Resources */,
				434B39DF23212BDD0004CA99 /* Assets.xcassets in Resources */,
				434B39DD23212BDC0004CA99 /* Main.storyboard in Resources */,
			);
			runOnlyForDeploymentPostprocessing = 0;
		};
/* End PBXResourcesBuildPhase section */

/* Begin PBXSourcesBuildPhase section */
		434B39D023212BDC0004CA99 /* Sources */ = {
			isa = PBXSourcesBuildPhase;
			buildActionMask = 2147483647;
			files = (
				434B39DA23212BDC0004CA99 /* ViewController.swift in Sources */,
				434B39D823212BDC0004CA99 /* AppDelegate.swift in Sources */,
			);
			runOnlyForDeploymentPostprocessing = 0;
		};
/* End PBXSourcesBuildPhase section */

/* Begin PBXVariantGroup section */
		434B39DB23212BDC0004CA99 /* Main.storyboard */ = {
			isa = PBXVariantGroup;
			children = (
				434B39DC23212BDC0004CA99 /* Base */,
			);
			name = Main.storyboard;
			sourceTree = "<group>";
		};
		434B39E023212BDD0004CA99 /* LaunchScreen.storyboard */ = {
			isa = PBXVariantGroup;
			children = (
				434B39E123212BDD0004CA99 /* Base */,
			);
			name = LaunchScreen.storyboard;
			sourceTree = "<group>";
		};
/* End PBXVariantGroup section */

/* Begin XCBuildConfiguration section */
		434B39E423212BDD0004CA99 /* Debug */ = {
			isa = XCBuildConfiguration;
			buildSettings = {
				ALWAYS_SEARCH_USER_PATHS = NO;
				CLANG_ANALYZER_NONNULL = YES;
				CLANG_ANALYZER_NUMBER_OBJECT_CONVERSION = YES_AGGRESSIVE;
				CLANG_CXX_LANGUAGE_STANDARD = "gnu++14";
				CLANG_CXX_LIBRARY = "libc++";
				CLANG_ENABLE_MODULES = YES;
				CLANG_ENABLE_OBJC_ARC = YES;
				CLANG_ENABLE_OBJC_WEAK = YES;
				CLANG_WARN_BLOCK_CAPTURE_AUTORELEASING = YES;
				CLANG_WARN_BOOL_CONVERSION = YES;
				CLANG_WARN_COMMA = YES;
				CLANG_WARN_CONSTANT_CONVERSION = YES;
				CLANG_WARN_DEPRECATED_OBJC_IMPLEMENTATIONS = YES;
				CLANG_WARN_DIRECT_OBJC_ISA_USAGE = YES_ERROR;
				CLANG_WARN_DOCUMENTATION_COMMENTS = YES;
				CLANG_WARN_EMPTY_BODY = YES;
				CLANG_WARN_ENUM_CONVERSION = YES;
				CLANG_WARN_INFINITE_RECURSION = YES;
				CLANG_WARN_INT_CONVERSION = YES;
				CLANG_WARN_NON_LITERAL_NULL_CONVERSION = YES;
				CLANG_WARN_OBJC_IMPLICIT_RETAIN_SELF = YES;
				CLANG_WARN_OBJC_LITERAL_CONVERSION = YES;
				CLANG_WARN_OBJC_ROOT_CLASS = YES_ERROR;
				CLANG_WARN_RANGE_LOOP_ANALYSIS = YES;
				CLANG_WARN_STRICT_PROTOTYPES = YES;
				CLANG_WARN_SUSPICIOUS_MOVE = YES;
				CLANG_WARN_UNGUARDED_AVAILABILITY = YES_AGGRESSIVE;
				CLANG_WARN_UNREACHABLE_CODE = YES;
				CLANG_WARN__DUPLICATE_METHOD_MATCH = YES;
				CODE_SIGN_IDENTITY = "iPhone Developer";
				COPY_PHASE_STRIP = NO;
				DEBUG_INFORMATION_FORMAT = dwarf;
				ENABLE_STRICT_OBJC_MSGSEND = YES;
				ENABLE_TESTABILITY = YES;
				GCC_C_LANGUAGE_STANDARD = gnu11;
				GCC_DYNAMIC_NO_PIC = NO;
				GCC_NO_COMMON_BLOCKS = YES;
				GCC_OPTIMIZATION_LEVEL = 0;
				GCC_PREPROCESSOR_DEFINITIONS = (
					"DEBUG=1",
					"$(inherited)",
				);
				GCC_WARN_64_TO_32_BIT_CONVERSION = YES;
				GCC_WARN_ABOUT_RETURN_TYPE = YES_ERROR;
				GCC_WARN_UNDECLARED_SELECTOR = YES;
				GCC_WARN_UNINITIALIZED_AUTOS = YES_AGGRESSIVE;
				GCC_WARN_UNUSED_FUNCTION = YES;
				GCC_WARN_UNUSED_VARIABLE = YES;
				IPHONEOS_DEPLOYMENT_TARGET = 12.4;
				MTL_ENABLE_DEBUG_INFO = INCLUDE_SOURCE;
				MTL_FAST_MATH = YES;
				ONLY_ACTIVE_ARCH = YES;
				SDKROOT = iphoneos;
				SWIFT_ACTIVE_COMPILATION_CONDITIONS = DEBUG;
				SWIFT_OPTIMIZATION_LEVEL = "-Onone";
			};
			name = Debug;
		};
		434B39E523212BDD0004CA99 /* Release */ = {
			isa = XCBuildConfiguration;
			buildSettings = {
				ALWAYS_SEARCH_USER_PATHS = NO;
				CLANG_ANALYZER_NONNULL = YES;
				CLANG_ANALYZER_NUMBER_OBJECT_CONVERSION = YES_AGGRESSIVE;
				CLANG_CXX_LANGUAGE_STANDARD = "gnu++14";
				CLANG_CXX_LIBRARY = "libc++";
				CLANG_ENABLE_MODULES = YES;
				CLANG_ENABLE_OBJC_ARC = YES;
				CLANG_ENABLE_OBJC_WEAK = YES;
				CLANG_WARN_BLOCK_CAPTURE_AUTORELEASING = YES;
				CLANG_WARN_BOOL_CONVERSION = YES;
				CLANG_WARN_COMMA = YES;
				CLANG_WARN_CONSTANT_CONVERSION = YES;
				CLANG_WARN_DEPRECATED_OBJC_IMPLEMENTATIONS = YES;
				CLANG_WARN_DIRECT_OBJC_ISA_USAGE = YES_ERROR;
				CLANG_WARN_DOCUMENTATION_COMMENTS = YES;
				CLANG_WARN_EMPTY_BODY = YES;
				CLANG_WARN_ENUM_CONVERSION = YES;
				CLANG_WARN_INFINITE_RECURSION = YES;
				CLANG_WARN_INT_CONVERSION = YES;
				CLANG_WARN_NON_LITERAL_NULL_CONVERSION = YES;
				CLANG_WARN_OBJC_IMPLICIT_RETAIN_SELF = YES;
				CLANG_WARN_OBJC_LITERAL_CONVERSION = YES;
				CLANG_WARN_OBJC_ROOT_CLASS = YES_ERROR;
				CLANG_WARN_RANGE_LOOP_ANALYSIS = YES;
				CLANG_WARN_STRICT_PROTOTYPES = YES;
				CLANG_WARN_SUSPICIOUS_MOVE = YES;
				CLANG_WARN_UNGUARDED_AVAILABILITY = YES_AGGRESSIVE;
				CLANG_WARN_UNREACHABLE_CODE = YES;
				CLANG_WARN__DUPLICATE_METHOD_MATCH = YES;
				CODE_SIGN_IDENTITY = "iPhone Developer";
				COPY_PHASE_STRIP = NO;
				DEBUG_INFORMATION_FORMAT = "dwarf-with-dsym";
				ENABLE_NS_ASSERTIONS = NO;
				ENABLE_STRICT_OBJC_MSGSEND = YES;
				GCC_C_LANGUAGE_STANDARD = gnu11;
				GCC_NO_COMMON_BLOCKS = YES;
				GCC_WARN_64_TO_32_BIT_CONVERSION = YES;
				GCC_WARN_ABOUT_RETURN_TYPE = YES_ERROR;
				GCC_WARN_UNDECLARED_SELECTOR = YES;
				GCC_WARN_UNINITIALIZED_AUTOS = YES_AGGRESSIVE;
				GCC_WARN_UNUSED_FUNCTION = YES;
				GCC_WARN_UNUSED_VARIABLE = YES;
				IPHONEOS_DEPLOYMENT_TARGET = 12.4;
				MTL_ENABLE_DEBUG_INFO = NO;
				MTL_FAST_MATH = YES;
				SDKROOT = iphoneos;
				SWIFT_COMPILATION_MODE = wholemodule;
				SWIFT_OPTIMIZATION_LEVEL = "-O";
				VALIDATE_PRODUCT = YES;
			};
			name = Release;
		};
		434B39E723212BDD0004CA99 /* Debug */ = {
			isa = XCBuildConfiguration;
			buildSettings = {
				ASSETCATALOG_COMPILER_APPICON_NAME = AppIcon;
				CODE_SIGN_STYLE = Automatic;
				DEVELOPMENT_TEAM = 2FZN78A8MM;
				FRAMEWORK_SEARCH_PATHS = (
					"$(inherited)",
					"$(PROJECT_DIR)",
				);
				INFOPLIST_FILE = IncentCleanerExample/Info.plist;
				IPHONEOS_DEPLOYMENT_TARGET = 9.0;
				LD_RUNPATH_SEARCH_PATHS = (
					"$(inherited)",
					"@executable_path/Frameworks",
				);
				PRODUCT_BUNDLE_IDENTIFIER = Appbooster.IncentCleanerExample;
				PRODUCT_NAME = "$(TARGET_NAME)";
				SWIFT_VERSION = 5.0;
				TARGETED_DEVICE_FAMILY = "1,2";
			};
			name = Debug;
		};
		434B39E823212BDD0004CA99 /* Release */ = {
			isa = XCBuildConfiguration;
			buildSettings = {
				ASSETCATALOG_COMPILER_APPICON_NAME = AppIcon;
				CODE_SIGN_STYLE = Automatic;
				DEVELOPMENT_TEAM = 2FZN78A8MM;
				FRAMEWORK_SEARCH_PATHS = (
					"$(inherited)",
					"$(PROJECT_DIR)",
				);
				INFOPLIST_FILE = IncentCleanerExample/Info.plist;
				IPHONEOS_DEPLOYMENT_TARGET = 9.0;
				LD_RUNPATH_SEARCH_PATHS = (
					"$(inherited)",
					"@executable_path/Frameworks",
				);
				PRODUCT_BUNDLE_IDENTIFIER = Appbooster.IncentCleanerExample;
				PRODUCT_NAME = "$(TARGET_NAME)";
				SWIFT_VERSION = 5.0;
				TARGETED_DEVICE_FAMILY = "1,2";
			};
			name = Release;
		};
/* End XCBuildConfiguration section */

/* Begin XCConfigurationList section */
		434B39CF23212BDB0004CA99 /* Build configuration list for PBXProject "IncentCleanerExample" */ = {
			isa = XCConfigurationList;
			buildConfigurations = (
				434B39E423212BDD0004CA99 /* Debug */,
				434B39E523212BDD0004CA99 /* Release */,
			);
			defaultConfigurationIsVisible = 0;
			defaultConfigurationName = Release;
		};
		434B39E623212BDD0004CA99 /* Build configuration list for PBXNativeTarget "IncentCleanerExample" */ = {
			isa = XCConfigurationList;
			buildConfigurations = (
				434B39E723212BDD0004CA99 /* Debug */,
				434B39E823212BDD0004CA99 /* Release */,
			);
			defaultConfigurationIsVisible = 0;
			defaultConfigurationName = Release;
		};
/* End XCConfigurationList section */
	};
	rootObject = 434B39CC23212BDB0004CA99 /* Project object */;
}
